// !$*UTF8*$!
{
	archiveVersion = 1;
	classes = {
	};
	objectVersion = 48;
	objects = {

/* Begin PBXBuildFile section */
		2A798C3206B3CC21DFC7242F /* Pods_ISSPassTimes.framework in Frameworks */ = {isa = PBXBuildFile; fileRef = 6650B7C16E122D5A212601BD /* Pods_ISSPassTimes.framework */; };
		699A53799105D25AB1C997E0 /* Pods_ISSPassTimesUITests.framework in Frameworks */ = {isa = PBXBuildFile; fileRef = A55FBC76DBE9DAFDF07FA13D /* Pods_ISSPassTimesUITests.framework */; };
		6D230971204EE0ED00A7322D /* Main.storyboard in Resources */ = {isa = PBXBuildFile; fileRef = 6D23096F204EE0ED00A7322D /* Main.storyboard */; };
		6D230973204EE0ED00A7322D /* Assets.xcassets in Resources */ = {isa = PBXBuildFile; fileRef = 6D230972204EE0ED00A7322D /* Assets.xcassets */; };
		6D230976204EE0ED00A7322D /* LaunchScreen.storyboard in Resources */ = {isa = PBXBuildFile; fileRef = 6D230974204EE0ED00A7322D /* LaunchScreen.storyboard */; };
		6D230981204EE0ED00A7322D /* ISSPassTimesTests.swift in Sources */ = {isa = PBXBuildFile; fileRef = 6D230980204EE0ED00A7322D /* ISSPassTimesTests.swift */; };
		6D23098C204EE0ED00A7322D /* ISSPassTimesUITests.swift in Sources */ = {isa = PBXBuildFile; fileRef = 6D23098B204EE0ED00A7322D /* ISSPassTimesUITests.swift */; };
		6D2309AA204EF24300A7322D /* AppDelegate.swift in Sources */ = {isa = PBXBuildFile; fileRef = 6D2309A8204EF24300A7322D /* AppDelegate.swift */; };
		6D2309B0204EF3F400A7322D /* ErrorHandler.swift in Sources */ = {isa = PBXBuildFile; fileRef = 6D2309AF204EF3F400A7322D /* ErrorHandler.swift */; };
		6D2309B3204EF44300A7322D /* String+Utility.swift in Sources */ = {isa = PBXBuildFile; fileRef = 6D2309B2204EF44300A7322D /* String+Utility.swift */; };
		6D2309B5204EF4E600A7322D /* APIManager.swift in Sources */ = {isa = PBXBuildFile; fileRef = 6D2309B4204EF4E600A7322D /* APIManager.swift */; };
		6D2309B7204EF5C900A7322D /* PassTimeViewController.swift in Sources */ = {isa = PBXBuildFile; fileRef = 6D2309B6204EF5C900A7322D /* PassTimeViewController.swift */; };
		6D2309BB204EF6D100A7322D /* WebLayerManager.swift in Sources */ = {isa = PBXBuildFile; fileRef = 6D2309BA204EF6D100A7322D /* WebLayerManager.swift */; };
		6D2309BF204EF86100A7322D /* PassTimeViewController+DataSource.swift in Sources */ = {isa = PBXBuildFile; fileRef = 6D2309BE204EF86100A7322D /* PassTimeViewController+DataSource.swift */; };
		9300A7FC0169960D0EC45BAD /* Pods_ISSPassTimesTests.framework in Frameworks */ = {isa = PBXBuildFile; fileRef = 928E11E47777DC5AB10113C5 /* Pods_ISSPassTimesTests.framework */; };
/* End PBXBuildFile section */

/* Begin PBXContainerItemProxy section */
		6D23097D204EE0ED00A7322D /* PBXContainerItemProxy */ = {
			isa = PBXContainerItemProxy;
			containerPortal = 6D230960204EE0EC00A7322D /* Project object */;
			proxyType = 1;
			remoteGlobalIDString = 6D230967204EE0EC00A7322D;
			remoteInfo = ISSPassTimes;
		};
		6D230988204EE0ED00A7322D /* PBXContainerItemProxy */ = {
			isa = PBXContainerItemProxy;
			containerPortal = 6D230960204EE0EC00A7322D /* Project object */;
			proxyType = 1;
			remoteGlobalIDString = 6D230967204EE0EC00A7322D;
			remoteInfo = ISSPassTimes;
		};
/* End PBXContainerItemProxy section */

/* Begin PBXFileReference section */
		0711F90419167BE7A65FC81C /* Pods-ISSPassTimes.debug.xcconfig */ = {isa = PBXFileReference; includeInIndex = 1; lastKnownFileType = text.xcconfig; name = "Pods-ISSPassTimes.debug.xcconfig"; path = "Pods/Target Support Files/Pods-ISSPassTimes/Pods-ISSPassTimes.debug.xcconfig"; sourceTree = "<group>"; };
		2637F2FD58FC412D116F1820 /* Pods-ISSPassTimesTests.debug.xcconfig */ = {isa = PBXFileReference; includeInIndex = 1; lastKnownFileType = text.xcconfig; name = "Pods-ISSPassTimesTests.debug.xcconfig"; path = "Pods/Target Support Files/Pods-ISSPassTimesTests/Pods-ISSPassTimesTests.debug.xcconfig"; sourceTree = "<group>"; };
		3745E512FD73AE23B13E2097 /* Pods-ISSPassTimesUITests.debug.xcconfig */ = {isa = PBXFileReference; includeInIndex = 1; lastKnownFileType = text.xcconfig; name = "Pods-ISSPassTimesUITests.debug.xcconfig"; path = "Pods/Target Support Files/Pods-ISSPassTimesUITests/Pods-ISSPassTimesUITests.debug.xcconfig"; sourceTree = "<group>"; };
		6650B7C16E122D5A212601BD /* Pods_ISSPassTimes.framework */ = {isa = PBXFileReference; explicitFileType = wrapper.framework; includeInIndex = 0; path = Pods_ISSPassTimes.framework; sourceTree = BUILT_PRODUCTS_DIR; };
		6D230968204EE0EC00A7322D /* ISSPassTimes.app */ = {isa = PBXFileReference; explicitFileType = wrapper.application; includeInIndex = 0; path = ISSPassTimes.app; sourceTree = BUILT_PRODUCTS_DIR; };
		6D230970204EE0ED00A7322D /* Base */ = {isa = PBXFileReference; lastKnownFileType = file.storyboard; name = Base; path = Base.lproj/Main.storyboard; sourceTree = "<group>"; };
		6D230972204EE0ED00A7322D /* Assets.xcassets */ = {isa = PBXFileReference; lastKnownFileType = folder.assetcatalog; path = Assets.xcassets; sourceTree = "<group>"; };
		6D230975204EE0ED00A7322D /* Base */ = {isa = PBXFileReference; lastKnownFileType = file.storyboard; name = Base; path = Base.lproj/LaunchScreen.storyboard; sourceTree = "<group>"; };
		6D230977204EE0ED00A7322D /* Info.plist */ = {isa = PBXFileReference; lastKnownFileType = text.plist.xml; path = Info.plist; sourceTree = "<group>"; };
		6D23097C204EE0ED00A7322D /* ISSPassTimesTests.xctest */ = {isa = PBXFileReference; explicitFileType = wrapper.cfbundle; includeInIndex = 0; path = ISSPassTimesTests.xctest; sourceTree = BUILT_PRODUCTS_DIR; };
		6D230980204EE0ED00A7322D /* ISSPassTimesTests.swift */ = {isa = PBXFileReference; lastKnownFileType = sourcecode.swift; path = ISSPassTimesTests.swift; sourceTree = "<group>"; };
		6D230982204EE0ED00A7322D /* Info.plist */ = {isa = PBXFileReference; lastKnownFileType = text.plist.xml; path = Info.plist; sourceTree = "<group>"; };
		6D230987204EE0ED00A7322D /* ISSPassTimesUITests.xctest */ = {isa = PBXFileReference; explicitFileType = wrapper.cfbundle; includeInIndex = 0; path = ISSPassTimesUITests.xctest; sourceTree = BUILT_PRODUCTS_DIR; };
		6D23098B204EE0ED00A7322D /* ISSPassTimesUITests.swift */ = {isa = PBXFileReference; lastKnownFileType = sourcecode.swift; path = ISSPassTimesUITests.swift; sourceTree = "<group>"; };
		6D23098D204EE0ED00A7322D /* Info.plist */ = {isa = PBXFileReference; lastKnownFileType = text.plist.xml; path = Info.plist; sourceTree = "<group>"; };
		6D2309A8204EF24300A7322D /* AppDelegate.swift */ = {isa = PBXFileReference; fileEncoding = 4; lastKnownFileType = sourcecode.swift; path = AppDelegate.swift; sourceTree = "<group>"; };
		6D2309AF204EF3F400A7322D /* ErrorHandler.swift */ = {isa = PBXFileReference; lastKnownFileType = sourcecode.swift; path = ErrorHandler.swift; sourceTree = "<group>"; };
		6D2309B2204EF44300A7322D /* String+Utility.swift */ = {isa = PBXFileReference; lastKnownFileType = sourcecode.swift; path = "String+Utility.swift"; sourceTree = "<group>"; };
		6D2309B4204EF4E600A7322D /* APIManager.swift */ = {isa = PBXFileReference; lastKnownFileType = sourcecode.swift; path = APIManager.swift; sourceTree = "<group>"; };
		6D2309B6204EF5C900A7322D /* PassTimeViewController.swift */ = {isa = PBXFileReference; lastKnownFileType = sourcecode.swift; path = PassTimeViewController.swift; sourceTree = "<group>"; };
		6D2309BA204EF6D100A7322D /* WebLayerManager.swift */ = {isa = PBXFileReference; lastKnownFileType = sourcecode.swift; path = WebLayerManager.swift; sourceTree = "<group>"; };
		6D2309BE204EF86100A7322D /* PassTimeViewController+DataSource.swift */ = {isa = PBXFileReference; lastKnownFileType = sourcecode.swift; path = "PassTimeViewController+DataSource.swift"; sourceTree = "<group>"; };
		7C8B30FF506542A47EDF70A1 /* Pods-ISSPassTimesUITests.release.xcconfig */ = {isa = PBXFileReference; includeInIndex = 1; lastKnownFileType = text.xcconfig; name = "Pods-ISSPassTimesUITests.release.xcconfig"; path = "Pods/Target Support Files/Pods-ISSPassTimesUITests/Pods-ISSPassTimesUITests.release.xcconfig"; sourceTree = "<group>"; };
		928E11E47777DC5AB10113C5 /* Pods_ISSPassTimesTests.framework */ = {isa = PBXFileReference; explicitFileType = wrapper.framework; includeInIndex = 0; path = Pods_ISSPassTimesTests.framework; sourceTree = BUILT_PRODUCTS_DIR; };
		9624999637F2B871FD8B0FAC /* Pods-ISSPassTimes.release.xcconfig */ = {isa = PBXFileReference; includeInIndex = 1; lastKnownFileType = text.xcconfig; name = "Pods-ISSPassTimes.release.xcconfig"; path = "Pods/Target Support Files/Pods-ISSPassTimes/Pods-ISSPassTimes.release.xcconfig"; sourceTree = "<group>"; };
		A55FBC76DBE9DAFDF07FA13D /* Pods_ISSPassTimesUITests.framework */ = {isa = PBXFileReference; explicitFileType = wrapper.framework; includeInIndex = 0; path = Pods_ISSPassTimesUITests.framework; sourceTree = BUILT_PRODUCTS_DIR; };
		BD8EF5662EA60D0D87C74B06 /* Pods-ISSPassTimesTests.release.xcconfig */ = {isa = PBXFileReference; includeInIndex = 1; lastKnownFileType = text.xcconfig; name = "Pods-ISSPassTimesTests.release.xcconfig"; path = "Pods/Target Support Files/Pods-ISSPassTimesTests/Pods-ISSPassTimesTests.release.xcconfig"; sourceTree = "<group>"; };
/* End PBXFileReference section */

/* Begin PBXFrameworksBuildPhase section */
		6D230965204EE0EC00A7322D /* Frameworks */ = {
			isa = PBXFrameworksBuildPhase;
			buildActionMask = 2147483647;
			files = (
				2A798C3206B3CC21DFC7242F /* Pods_ISSPassTimes.framework in Frameworks */,
			);
			runOnlyForDeploymentPostprocessing = 0;
		};
		6D230979204EE0ED00A7322D /* Frameworks */ = {
			isa = PBXFrameworksBuildPhase;
			buildActionMask = 2147483647;
			files = (
				9300A7FC0169960D0EC45BAD /* Pods_ISSPassTimesTests.framework in Frameworks */,
			);
			runOnlyForDeploymentPostprocessing = 0;
		};
		6D230984204EE0ED00A7322D /* Frameworks */ = {
			isa = PBXFrameworksBuildPhase;
			buildActionMask = 2147483647;
			files = (
				699A53799105D25AB1C997E0 /* Pods_ISSPassTimesUITests.framework in Frameworks */,
			);
			runOnlyForDeploymentPostprocessing = 0;
		};
/* End PBXFrameworksBuildPhase section */

/* Begin PBXGroup section */
		6D23095F204EE0EC00A7322D = {
			isa = PBXGroup;
			children = (
				6D23096A204EE0EC00A7322D /* ISSPassTimes */,
				6D23097F204EE0ED00A7322D /* ISSPassTimesTests */,
				6D23098A204EE0ED00A7322D /* ISSPassTimesUITests */,
				6D230969204EE0EC00A7322D /* Products */,
				ECD7A346E1AE614D6BB46CA3 /* Pods */,
				A2BC2A03F3BE269CB872E50E /* Frameworks */,
			);
			sourceTree = "<group>";
		};
		6D230969204EE0EC00A7322D /* Products */ = {
			isa = PBXGroup;
			children = (
				6D230968204EE0EC00A7322D /* ISSPassTimes.app */,
				6D23097C204EE0ED00A7322D /* ISSPassTimesTests.xctest */,
				6D230987204EE0ED00A7322D /* ISSPassTimesUITests.xctest */,
			);
			name = Products;
			sourceTree = "<group>";
		};
		6D23096A204EE0EC00A7322D /* ISSPassTimes */ = {
			isa = PBXGroup;
			children = (
				6D2309B1204EF43200A7322D /* Common */,
				6D2309AC204EF28B00A7322D /* WebAccessLayer */,
				6D2309A7204EF24300A7322D /* AppDelegate */,
				6D2309A5204EF24300A7322D /* PresentationLayer */,
				6D2309A4204EF24300A7322D /* Storyboard */,
				6D230972204EE0ED00A7322D /* Assets.xcassets */,
				6D230977204EE0ED00A7322D /* Info.plist */,
			);
			path = ISSPassTimes;
			sourceTree = "<group>";
		};
		6D23097F204EE0ED00A7322D /* ISSPassTimesTests */ = {
			isa = PBXGroup;
			children = (
				6D230980204EE0ED00A7322D /* ISSPassTimesTests.swift */,
				6D230982204EE0ED00A7322D /* Info.plist */,
			);
			path = ISSPassTimesTests;
			sourceTree = "<group>";
		};
		6D23098A204EE0ED00A7322D /* ISSPassTimesUITests */ = {
			isa = PBXGroup;
			children = (
				6D23098B204EE0ED00A7322D /* ISSPassTimesUITests.swift */,
				6D23098D204EE0ED00A7322D /* Info.plist */,
			);
			path = ISSPassTimesUITests;
			sourceTree = "<group>";
		};
		6D2309A4204EF24300A7322D /* Storyboard */ = {
			isa = PBXGroup;
			children = (
				6D23096F204EE0ED00A7322D /* Main.storyboard */,
				6D230974204EE0ED00A7322D /* LaunchScreen.storyboard */,
			);
			path = Storyboard;
			sourceTree = "<group>";
		};
		6D2309A5204EF24300A7322D /* PresentationLayer */ = {
			isa = PBXGroup;
			children = (
				6D2309B6204EF5C900A7322D /* PassTimeViewController.swift */,
				6D2309BE204EF86100A7322D /* PassTimeViewController+DataSource.swift */,
			);
			path = PresentationLayer;
			sourceTree = "<group>";
		};
		6D2309A7204EF24300A7322D /* AppDelegate */ = {
			isa = PBXGroup;
			children = (
				6D2309A8204EF24300A7322D /* AppDelegate.swift */,
			);
			path = AppDelegate;
			sourceTree = "<group>";
		};
		6D2309AC204EF28B00A7322D /* WebAccessLayer */ = {
			isa = PBXGroup;
			children = (
				6D2309BA204EF6D100A7322D /* WebLayerManager.swift */,
				6D2309AF204EF3F400A7322D /* ErrorHandler.swift */,
				6D2309B4204EF4E600A7322D /* APIManager.swift */,
			);
			path = WebAccessLayer;
			sourceTree = "<group>";
		};
		6D2309B1204EF43200A7322D /* Common */ = {
			isa = PBXGroup;
			children = (
				6D2309B2204EF44300A7322D /* String+Utility.swift */,
			);
			path = Common;
			sourceTree = "<group>";
		};
		A2BC2A03F3BE269CB872E50E /* Frameworks */ = {
			isa = PBXGroup;
			children = (
				6650B7C16E122D5A212601BD /* Pods_ISSPassTimes.framework */,
				928E11E47777DC5AB10113C5 /* Pods_ISSPassTimesTests.framework */,
				A55FBC76DBE9DAFDF07FA13D /* Pods_ISSPassTimesUITests.framework */,
			);
			name = Frameworks;
			sourceTree = "<group>";
		};
		ECD7A346E1AE614D6BB46CA3 /* Pods */ = {
			isa = PBXGroup;
			children = (
				0711F90419167BE7A65FC81C /* Pods-ISSPassTimes.debug.xcconfig */,
				9624999637F2B871FD8B0FAC /* Pods-ISSPassTimes.release.xcconfig */,
				2637F2FD58FC412D116F1820 /* Pods-ISSPassTimesTests.debug.xcconfig */,
				BD8EF5662EA60D0D87C74B06 /* Pods-ISSPassTimesTests.release.xcconfig */,
				3745E512FD73AE23B13E2097 /* Pods-ISSPassTimesUITests.debug.xcconfig */,
				7C8B30FF506542A47EDF70A1 /* Pods-ISSPassTimesUITests.release.xcconfig */,
			);
			name = Pods;
			sourceTree = "<group>";
		};
/* End PBXGroup section */

/* Begin PBXNativeTarget section */
		6D230967204EE0EC00A7322D /* ISSPassTimes */ = {
			isa = PBXNativeTarget;
			buildConfigurationList = 6D230990204EE0ED00A7322D /* Build configuration list for PBXNativeTarget "ISSPassTimes" */;
			buildPhases = (
				7AD4ED9A82C8771A34726A45 /* [CP] Check Pods Manifest.lock */,
				6D230964204EE0EC00A7322D /* Sources */,
				6D230965204EE0EC00A7322D /* Frameworks */,
				6D230966204EE0EC00A7322D /* Resources */,
				507D043361E514AA0F058B76 /* [CP] Embed Pods Frameworks */,
				67D231D225A3FED5F620A401 /* [CP] Copy Pods Resources */,
			);
			buildRules = (
			);
			dependencies = (
			);
			name = ISSPassTimes;
			productName = ISSPassTimes;
			productReference = 6D230968204EE0EC00A7322D /* ISSPassTimes.app */;
			productType = "com.apple.product-type.application";
		};
		6D23097B204EE0ED00A7322D /* ISSPassTimesTests */ = {
			isa = PBXNativeTarget;
			buildConfigurationList = 6D230993204EE0ED00A7322D /* Build configuration list for PBXNativeTarget "ISSPassTimesTests" */;
			buildPhases = (
				502DDF97FF68CFF6C0AC81D5 /* [CP] Check Pods Manifest.lock */,
				6D230978204EE0ED00A7322D /* Sources */,
				6D230979204EE0ED00A7322D /* Frameworks */,
				6D23097A204EE0ED00A7322D /* Resources */,
				2194B01265ED0490A18515CC /* [CP] Embed Pods Frameworks */,
				A4140DB9A28C7340530AF707 /* [CP] Copy Pods Resources */,
			);
			buildRules = (
			);
			dependencies = (
				6D23097E204EE0ED00A7322D /* PBXTargetDependency */,
			);
			name = ISSPassTimesTests;
			productName = ISSPassTimesTests;
			productReference = 6D23097C204EE0ED00A7322D /* ISSPassTimesTests.xctest */;
			productType = "com.apple.product-type.bundle.unit-test";
		};
		6D230986204EE0ED00A7322D /* ISSPassTimesUITests */ = {
			isa = PBXNativeTarget;
			buildConfigurationList = 6D230996204EE0ED00A7322D /* Build configuration list for PBXNativeTarget "ISSPassTimesUITests" */;
			buildPhases = (
				A2270E2297BF580BB597D368 /* [CP] Check Pods Manifest.lock */,
				6D230983204EE0ED00A7322D /* Sources */,
				6D230984204EE0ED00A7322D /* Frameworks */,
				6D230985204EE0ED00A7322D /* Resources */,
				6D456766E6D662D4F09834DC /* [CP] Embed Pods Frameworks */,
				EA2F9E05F89270E619DE9041 /* [CP] Copy Pods Resources */,
			);
			buildRules = (
			);
			dependencies = (
				6D230989204EE0ED00A7322D /* PBXTargetDependency */,
			);
			name = ISSPassTimesUITests;
			productName = ISSPassTimesUITests;
			productReference = 6D230987204EE0ED00A7322D /* ISSPassTimesUITests.xctest */;
			productType = "com.apple.product-type.bundle.ui-testing";
		};
/* End PBXNativeTarget section */

/* Begin PBXProject section */
		6D230960204EE0EC00A7322D /* Project object */ = {
			isa = PBXProject;
			attributes = {
				LastSwiftUpdateCheck = 0920;
				LastUpgradeCheck = 0920;
				ORGANIZATIONNAME = "Mayank Goyal";
				TargetAttributes = {
					6D230967204EE0EC00A7322D = {
						CreatedOnToolsVersion = 9.2;
						ProvisioningStyle = Automatic;
						SystemCapabilities = {
							com.apple.BackgroundModes = {
								enabled = 1;
							};
						};
					};
					6D23097B204EE0ED00A7322D = {
						CreatedOnToolsVersion = 9.2;
						ProvisioningStyle = Automatic;
						TestTargetID = 6D230967204EE0EC00A7322D;
					};
					6D230986204EE0ED00A7322D = {
						CreatedOnToolsVersion = 9.2;
						ProvisioningStyle = Automatic;
						TestTargetID = 6D230967204EE0EC00A7322D;
					};
				};
			};
			buildConfigurationList = 6D230963204EE0EC00A7322D /* Build configuration list for PBXProject "ISSPassTimes" */;
			compatibilityVersion = "Xcode 8.0";
			developmentRegion = en;
			hasScannedForEncodings = 0;
			knownRegions = (
				en,
				Base,
			);
			mainGroup = 6D23095F204EE0EC00A7322D;
			productRefGroup = 6D230969204EE0EC00A7322D /* Products */;
			projectDirPath = "";
			projectRoot = "";
			targets = (
				6D230967204EE0EC00A7322D /* ISSPassTimes */,
				6D23097B204EE0ED00A7322D /* ISSPassTimesTests */,
				6D230986204EE0ED00A7322D /* ISSPassTimesUITests */,
			);
		};
/* End PBXProject section */

/* Begin PBXResourcesBuildPhase section */
		6D230966204EE0EC00A7322D /* Resources */ = {
			isa = PBXResourcesBuildPhase;
			buildActionMask = 2147483647;
			files = (
				6D230976204EE0ED00A7322D /* LaunchScreen.storyboard in Resources */,
				6D230973204EE0ED00A7322D /* Assets.xcassets in Resources */,
				6D230971204EE0ED00A7322D /* Main.storyboard in Resources */,
			);
			runOnlyForDeploymentPostprocessing = 0;
		};
		6D23097A204EE0ED00A7322D /* Resources */ = {
			isa = PBXResourcesBuildPhase;
			buildActionMask = 2147483647;
			files = (
			);
			runOnlyForDeploymentPostprocessing = 0;
		};
		6D230985204EE0ED00A7322D /* Resources */ = {
			isa = PBXResourcesBuildPhase;
			buildActionMask = 2147483647;
			files = (
			);
			runOnlyForDeploymentPostprocessing = 0;
		};
/* End PBXResourcesBuildPhase section */

/* Begin PBXShellScriptBuildPhase section */
		2194B01265ED0490A18515CC /* [CP] Embed Pods Frameworks */ = {
			isa = PBXShellScriptBuildPhase;
			buildActionMask = 2147483647;
			files = (
			);
			inputPaths = (
			);
			name = "[CP] Embed Pods Frameworks";
			outputPaths = (
			);
			runOnlyForDeploymentPostprocessing = 0;
			shellPath = /bin/sh;
			shellScript = "\"${SRCROOT}/Pods/Target Support Files/Pods-ISSPassTimesTests/Pods-ISSPassTimesTests-frameworks.sh\"\n";
			showEnvVarsInLog = 0;
		};
		502DDF97FF68CFF6C0AC81D5 /* [CP] Check Pods Manifest.lock */ = {
			isa = PBXShellScriptBuildPhase;
			buildActionMask = 2147483647;
			files = (
			);
			inputPaths = (
				"${PODS_PODFILE_DIR_PATH}/Podfile.lock",
				"${PODS_ROOT}/Manifest.lock",
			);
			name = "[CP] Check Pods Manifest.lock";
			outputPaths = (
				"$(DERIVED_FILE_DIR)/Pods-ISSPassTimesTests-checkManifestLockResult.txt",
			);
			runOnlyForDeploymentPostprocessing = 0;
			shellPath = /bin/sh;
			shellScript = "diff \"${PODS_PODFILE_DIR_PATH}/Podfile.lock\" \"${PODS_ROOT}/Manifest.lock\" > /dev/null\nif [ $? != 0 ] ; then\n    # print error to STDERR\n    echo \"error: The sandbox is not in sync with the Podfile.lock. Run 'pod install' or update your CocoaPods installation.\" >&2\n    exit 1\nfi\n# This output is used by Xcode 'outputs' to avoid re-running this script phase.\necho \"SUCCESS\" > \"${SCRIPT_OUTPUT_FILE_0}\"\n";
			showEnvVarsInLog = 0;
		};
		507D043361E514AA0F058B76 /* [CP] Embed Pods Frameworks */ = {
			isa = PBXShellScriptBuildPhase;
			buildActionMask = 2147483647;
			files = (
			);
			inputPaths = (
				"${SRCROOT}/Pods/Target Support Files/Pods-ISSPassTimes/Pods-ISSPassTimes-frameworks.sh",
				"${BUILT_PRODUCTS_DIR}/ReachabilitySwift/ReachabilitySwift.framework",
			);
			name = "[CP] Embed Pods Frameworks";
			outputPaths = (
				"${TARGET_BUILD_DIR}/${FRAMEWORKS_FOLDER_PATH}/ReachabilitySwift.framework",
			);
			runOnlyForDeploymentPostprocessing = 0;
			shellPath = /bin/sh;
			shellScript = "\"${SRCROOT}/Pods/Target Support Files/Pods-ISSPassTimes/Pods-ISSPassTimes-frameworks.sh\"\n";
			showEnvVarsInLog = 0;
		};
		67D231D225A3FED5F620A401 /* [CP] Copy Pods Resources */ = {
			isa = PBXShellScriptBuildPhase;
			buildActionMask = 2147483647;
			files = (
			);
			inputPaths = (
			);
			name = "[CP] Copy Pods Resources";
			outputPaths = (
			);
			runOnlyForDeploymentPostprocessing = 0;
			shellPath = /bin/sh;
			shellScript = "\"${SRCROOT}/Pods/Target Support Files/Pods-ISSPassTimes/Pods-ISSPassTimes-resources.sh\"\n";
			showEnvVarsInLog = 0;
		};
		6D456766E6D662D4F09834DC /* [CP] Embed Pods Frameworks */ = {
			isa = PBXShellScriptBuildPhase;
			buildActionMask = 2147483647;
			files = (
			);
			inputPaths = (
			);
			name = "[CP] Embed Pods Frameworks";
			outputPaths = (
			);
			runOnlyForDeploymentPostprocessing = 0;
			shellPath = /bin/sh;
			shellScript = "\"${SRCROOT}/Pods/Target Support Files/Pods-ISSPassTimesUITests/Pods-ISSPassTimesUITests-frameworks.sh\"\n";
			showEnvVarsInLog = 0;
		};
		7AD4ED9A82C8771A34726A45 /* [CP] Check Pods Manifest.lock */ = {
			isa = PBXShellScriptBuildPhase;
			buildActionMask = 2147483647;
			files = (
			);
			inputPaths = (
				"${PODS_PODFILE_DIR_PATH}/Podfile.lock",
				"${PODS_ROOT}/Manifest.lock",
			);
			name = "[CP] Check Pods Manifest.lock";
			outputPaths = (
				"$(DERIVED_FILE_DIR)/Pods-ISSPassTimes-checkManifestLockResult.txt",
			);
			runOnlyForDeploymentPostprocessing = 0;
			shellPath = /bin/sh;
			shellScript = "diff \"${PODS_PODFILE_DIR_PATH}/Podfile.lock\" \"${PODS_ROOT}/Manifest.lock\" > /dev/null\nif [ $? != 0 ] ; then\n    # print error to STDERR\n    echo \"error: The sandbox is not in sync with the Podfile.lock. Run 'pod install' or update your CocoaPods installation.\" >&2\n    exit 1\nfi\n# This output is used by Xcode 'outputs' to avoid re-running this script phase.\necho \"SUCCESS\" > \"${SCRIPT_OUTPUT_FILE_0}\"\n";
			showEnvVarsInLog = 0;
		};
		A2270E2297BF580BB597D368 /* [CP] Check Pods Manifest.lock */ = {
			isa = PBXShellScriptBuildPhase;
			buildActionMask = 2147483647;
			files = (
			);
			inputPaths = (
				"${PODS_PODFILE_DIR_PATH}/Podfile.lock",
				"${PODS_ROOT}/Manifest.lock",
			);
			name = "[CP] Check Pods Manifest.lock";
			outputPaths = (
				"$(DERIVED_FILE_DIR)/Pods-ISSPassTimesUITests-checkManifestLockResult.txt",
			);
			runOnlyForDeploymentPostprocessing = 0;
			shellPath = /bin/sh;
			shellScript = "diff \"${PODS_PODFILE_DIR_PATH}/Podfile.lock\" \"${PODS_ROOT}/Manifest.lock\" > /dev/null\nif [ $? != 0 ] ; then\n    # print error to STDERR\n    echo \"error: The sandbox is not in sync with the Podfile.lock. Run 'pod install' or update your CocoaPods installation.\" >&2\n    exit 1\nfi\n# This output is used by Xcode 'outputs' to avoid re-running this script phase.\necho \"SUCCESS\" > \"${SCRIPT_OUTPUT_FILE_0}\"\n";
			showEnvVarsInLog = 0;
		};
		A4140DB9A28C7340530AF707 /* [CP] Copy Pods Resources */ = {
			isa = PBXShellScriptBuildPhase;
			buildActionMask = 2147483647;
			files = (
			);
			inputPaths = (
			);
			name = "[CP] Copy Pods Resources";
			outputPaths = (
			);
			runOnlyForDeploymentPostprocessing = 0;
			shellPath = /bin/sh;
			shellScript = "\"${SRCROOT}/Pods/Target Support Files/Pods-ISSPassTimesTests/Pods-ISSPassTimesTests-resources.sh\"\n";
			showEnvVarsInLog = 0;
		};
		EA2F9E05F89270E619DE9041 /* [CP] Copy Pods Resources */ = {
			isa = PBXShellScriptBuildPhase;
			buildActionMask = 2147483647;
			files = (
			);
			inputPaths = (
			);
			name = "[CP] Copy Pods Resources";
			outputPaths = (
			);
			runOnlyForDeploymentPostprocessing = 0;
			shellPath = /bin/sh;
			shellScript = "\"${SRCROOT}/Pods/Target Support Files/Pods-ISSPassTimesUITests/Pods-ISSPassTimesUITests-resources.sh\"\n";
			showEnvVarsInLog = 0;
		};
/* End PBXShellScriptBuildPhase section */

/* Begin PBXSourcesBuildPhase section */
		6D230964204EE0EC00A7322D /* Sources */ = {
			isa = PBXSourcesBuildPhase;
			buildActionMask = 2147483647;
			files = (
				6D2309B7204EF5C900A7322D /* PassTimeViewController.swift in Sources */,
				6D2309B5204EF4E600A7322D /* APIManager.swift in Sources */,
				6D2309B3204EF44300A7322D /* String+Utility.swift in Sources */,
				6D2309B0204EF3F400A7322D /* ErrorHandler.swift in Sources */,
				6D2309BF204EF86100A7322D /* PassTimeViewController+DataSource.swift in Sources */,
				6D2309AA204EF24300A7322D /* AppDelegate.swift in Sources */,
				6D2309BB204EF6D100A7322D /* WebLayerManager.swift in Sources */,
			);
			runOnlyForDeploymentPostprocessing = 0;
		};
		6D230978204EE0ED00A7322D /* Sources */ = {
			isa = PBXSourcesBuildPhase;
			buildActionMask = 2147483647;
			files = (
				6D230981204EE0ED00A7322D /* ISSPassTimesTests.swift in Sources */,
			);
			runOnlyForDeploymentPostprocessing = 0;
		};
		6D230983204EE0ED00A7322D /* Sources */ = {
			isa = PBXSourcesBuildPhase;
			buildActionMask = 2147483647;
			files = (
				6D23098C204EE0ED00A7322D /* ISSPassTimesUITests.swift in Sources */,
			);
			runOnlyForDeploymentPostprocessing = 0;
		};
/* End PBXSourcesBuildPhase section */

/* Begin PBXTargetDependency section */
		6D23097E204EE0ED00A7322D /* PBXTargetDependency */ = {
			isa = PBXTargetDependency;
			target = 6D230967204EE0EC00A7322D /* ISSPassTimes */;
			targetProxy = 6D23097D204EE0ED00A7322D /* PBXContainerItemProxy */;
		};
		6D230989204EE0ED00A7322D /* PBXTargetDependency */ = {
			isa = PBXTargetDependency;
			target = 6D230967204EE0EC00A7322D /* ISSPassTimes */;
			targetProxy = 6D230988204EE0ED00A7322D /* PBXContainerItemProxy */;
		};
/* End PBXTargetDependency section */

/* Begin PBXVariantGroup section */
		6D23096F204EE0ED00A7322D /* Main.storyboard */ = {
			isa = PBXVariantGroup;
			children = (
				6D230970204EE0ED00A7322D /* Base */,
			);
			name = Main.storyboard;
			sourceTree = "<group>";
		};
		6D230974204EE0ED00A7322D /* LaunchScreen.storyboard */ = {
			isa = PBXVariantGroup;
			children = (
				6D230975204EE0ED00A7322D /* Base */,
			);
			name = LaunchScreen.storyboard;
			sourceTree = "<group>";
		};
/* End PBXVariantGroup section */

/* Begin XCBuildConfiguration section */
		6D23098E204EE0ED00A7322D /* Debug */ = {
			isa = XCBuildConfiguration;
			buildSettings = {
				ALWAYS_SEARCH_USER_PATHS = NO;
				CLANG_ANALYZER_NONNULL = YES;
				CLANG_ANALYZER_NUMBER_OBJECT_CONVERSION = YES_AGGRESSIVE;
				CLANG_CXX_LANGUAGE_STANDARD = "gnu++14";
				CLANG_CXX_LIBRARY = "libc++";
				CLANG_ENABLE_MODULES = YES;
				CLANG_ENABLE_OBJC_ARC = YES;
				CLANG_WARN_BLOCK_CAPTURE_AUTORELEASING = YES;
				CLANG_WARN_BOOL_CONVERSION = YES;
				CLANG_WARN_COMMA = YES;
				CLANG_WARN_CONSTANT_CONVERSION = YES;
				CLANG_WARN_DIRECT_OBJC_ISA_USAGE = YES_ERROR;
				CLANG_WARN_DOCUMENTATION_COMMENTS = YES;
				CLANG_WARN_EMPTY_BODY = YES;
				CLANG_WARN_ENUM_CONVERSION = YES;
				CLANG_WARN_INFINITE_RECURSION = YES;
				CLANG_WARN_INT_CONVERSION = YES;
				CLANG_WARN_NON_LITERAL_NULL_CONVERSION = YES;
				CLANG_WARN_OBJC_LITERAL_CONVERSION = YES;
				CLANG_WARN_OBJC_ROOT_CLASS = YES_ERROR;
				CLANG_WARN_RANGE_LOOP_ANALYSIS = YES;
				CLANG_WARN_STRICT_PROTOTYPES = YES;
				CLANG_WARN_SUSPICIOUS_MOVE = YES;
				CLANG_WARN_UNGUARDED_AVAILABILITY = YES_AGGRESSIVE;
				CLANG_WARN_UNREACHABLE_CODE = YES;
				CLANG_WARN__DUPLICATE_METHOD_MATCH = YES;
				CODE_SIGN_IDENTITY = "iPhone Developer";
				COPY_PHASE_STRIP = NO;
				DEBUG_INFORMATION_FORMAT = dwarf;
				ENABLE_STRICT_OBJC_MSGSEND = YES;
				ENABLE_TESTABILITY = YES;
				GCC_C_LANGUAGE_STANDARD = gnu11;
				GCC_DYNAMIC_NO_PIC = NO;
				GCC_NO_COMMON_BLOCKS = YES;
				GCC_OPTIMIZATION_LEVEL = 0;
				GCC_PREPROCESSOR_DEFINITIONS = (
					"DEBUG=1",
					"$(inherited)",
				);
				GCC_WARN_64_TO_32_BIT_CONVERSION = YES;
				GCC_WARN_ABOUT_RETURN_TYPE = YES_ERROR;
				GCC_WARN_UNDECLARED_SELECTOR = YES;
				GCC_WARN_UNINITIALIZED_AUTOS = YES_AGGRESSIVE;
				GCC_WARN_UNUSED_FUNCTION = YES;
				GCC_WARN_UNUSED_VARIABLE = YES;
				IPHONEOS_DEPLOYMENT_TARGET = 9.0;
				MTL_ENABLE_DEBUG_INFO = YES;
				ONLY_ACTIVE_ARCH = YES;
				SDKROOT = iphoneos;
				SWIFT_ACTIVE_COMPILATION_CONDITIONS = DEBUG;
				SWIFT_OPTIMIZATION_LEVEL = "-Onone";
			};
			name = Debug;
		};
		6D23098F204EE0ED00A7322D /* Release */ = {
			isa = XCBuildConfiguration;
			buildSettings = {
				ALWAYS_SEARCH_USER_PATHS = NO;
				CLANG_ANALYZER_NONNULL = YES;
				CLANG_ANALYZER_NUMBER_OBJECT_CONVERSION = YES_AGGRESSIVE;
				CLANG_CXX_LANGUAGE_STANDARD = "gnu++14";
				CLANG_CXX_LIBRARY = "libc++";
				CLANG_ENABLE_MODULES = YES;
				CLANG_ENABLE_OBJC_ARC = YES;
				CLANG_WARN_BLOCK_CAPTURE_AUTORELEASING = YES;
				CLANG_WARN_BOOL_CONVERSION = YES;
				CLANG_WARN_COMMA = YES;
				CLANG_WARN_CONSTANT_CONVERSION = YES;
				CLANG_WARN_DIRECT_OBJC_ISA_USAGE = YES_ERROR;
				CLANG_WARN_DOCUMENTATION_COMMENTS = YES;
				CLANG_WARN_EMPTY_BODY = YES;
				CLANG_WARN_ENUM_CONVERSION = YES;
				CLANG_WARN_INFINITE_RECURSION = YES;
				CLANG_WARN_INT_CONVERSION = YES;
				CLANG_WARN_NON_LITERAL_NULL_CONVERSION = YES;
				CLANG_WARN_OBJC_LITERAL_CONVERSION = YES;
				CLANG_WARN_OBJC_ROOT_CLASS = YES_ERROR;
				CLANG_WARN_RANGE_LOOP_ANALYSIS = YES;
				CLANG_WARN_STRICT_PROTOTYPES = YES;
				CLANG_WARN_SUSPICIOUS_MOVE = YES;
				CLANG_WARN_UNGUARDED_AVAILABILITY = YES_AGGRESSIVE;
				CLANG_WARN_UNREACHABLE_CODE = YES;
				CLANG_WARN__DUPLICATE_METHOD_MATCH = YES;
				CODE_SIGN_IDENTITY = "iPhone Developer";
				COPY_PHASE_STRIP = NO;
				DEBUG_INFORMATION_FORMAT = "dwarf-with-dsym";
				ENABLE_NS_ASSERTIONS = NO;
				ENABLE_STRICT_OBJC_MSGSEND = YES;
				GCC_C_LANGUAGE_STANDARD = gnu11;
				GCC_NO_COMMON_BLOCKS = YES;
				GCC_WARN_64_TO_32_BIT_CONVERSION = YES;
				GCC_WARN_ABOUT_RETURN_TYPE = YES_ERROR;
				GCC_WARN_UNDECLARED_SELECTOR = YES;
				GCC_WARN_UNINITIALIZED_AUTOS = YES_AGGRESSIVE;
				GCC_WARN_UNUSED_FUNCTION = YES;
				GCC_WARN_UNUSED_VARIABLE = YES;
				IPHONEOS_DEPLOYMENT_TARGET = 9.0;
				MTL_ENABLE_DEBUG_INFO = NO;
				SDKROOT = iphoneos;
				SWIFT_OPTIMIZATION_LEVEL = "-Owholemodule";
				VALIDATE_PRODUCT = YES;
			};
			name = Release;
		};
		6D230991204EE0ED00A7322D /* Debug */ = {
			isa = XCBuildConfiguration;
			baseConfigurationReference = 0711F90419167BE7A65FC81C /* Pods-ISSPassTimes.debug.xcconfig */;
			buildSettings = {
				ASSETCATALOG_COMPILER_APPICON_NAME = AppIcon;
				CODE_SIGN_STYLE = Automatic;
				DEVELOPMENT_TEAM = PP64RT7P8Z;
				INFOPLIST_FILE = ISSPassTimes/Info.plist;
				LD_RUNPATH_SEARCH_PATHS = "$(inherited) @executable_path/Frameworks";
				PRODUCT_BUNDLE_IDENTIFIER = com.ibm.isspasstime;
				PRODUCT_NAME = "$(TARGET_NAME)";
				SWIFT_VERSION = 4.0;
				TARGETED_DEVICE_FAMILY = "1,2";
			};
			name = Debug;
		};
		6D230992204EE0ED00A7322D /* Release */ = {
			isa = XCBuildConfiguration;
			baseConfigurationReference = 9624999637F2B871FD8B0FAC /* Pods-ISSPassTimes.release.xcconfig */;
			buildSettings = {
				ASSETCATALOG_COMPILER_APPICON_NAME = AppIcon;
				CODE_SIGN_STYLE = Automatic;
				DEVELOPMENT_TEAM = PP64RT7P8Z;
				INFOPLIST_FILE = ISSPassTimes/Info.plist;
				LD_RUNPATH_SEARCH_PATHS = "$(inherited) @executable_path/Frameworks";
				PRODUCT_BUNDLE_IDENTIFIER = com.ibm.isspasstime;
				PRODUCT_NAME = "$(TARGET_NAME)";
				SWIFT_VERSION = 4.0;
				TARGETED_DEVICE_FAMILY = "1,2";
			};
			name = Release;
		};
		6D230994204EE0ED00A7322D /* Debug */ = {
			isa = XCBuildConfiguration;
			baseConfigurationReference = 2637F2FD58FC412D116F1820 /* Pods-ISSPassTimesTests.debug.xcconfig */;
			buildSettings = {
				ALWAYS_EMBED_SWIFT_STANDARD_LIBRARIES = YES;
				BUNDLE_LOADER = "$(TEST_HOST)";
				CODE_SIGN_STYLE = Automatic;
				DEVELOPMENT_TEAM = PP64RT7P8Z;
				INFOPLIST_FILE = ISSPassTimesTests/Info.plist;
				LD_RUNPATH_SEARCH_PATHS = "$(inherited) @executable_path/Frameworks @loader_path/Frameworks";
				PRODUCT_BUNDLE_IDENTIFIER = com.ibm.ISSPassTimes.ISSPassTimesTests;
				PRODUCT_NAME = "$(TARGET_NAME)";
				SWIFT_VERSION = 4.0;
				TARGETED_DEVICE_FAMILY = "1,2";
				TEST_HOST = "$(BUILT_PRODUCTS_DIR)/ISSPassTimes.app/ISSPassTimes";
			};
			name = Debug;
		};
		6D230995204EE0ED00A7322D /* Release */ = {
			isa = XCBuildConfiguration;
			baseConfigurationReference = BD8EF5662EA60D0D87C74B06 /* Pods-ISSPassTimesTests.release.xcconfig */;
			buildSettings = {
				ALWAYS_EMBED_SWIFT_STANDARD_LIBRARIES = YES;
				BUNDLE_LOADER = "$(TEST_HOST)";
				CODE_SIGN_STYLE = Automatic;
				DEVELOPMENT_TEAM = PP64RT7P8Z;
				INFOPLIST_FILE = ISSPassTimesTests/Info.plist;
				LD_RUNPATH_SEARCH_PATHS = "$(inherited) @executable_path/Frameworks @loader_path/Frameworks";
				PRODUCT_BUNDLE_IDENTIFIER = com.ibm.ISSPassTimes.ISSPassTimesTests;
				PRODUCT_NAME = "$(TARGET_NAME)";
				SWIFT_VERSION = 4.0;
				TARGETED_DEVICE_FAMILY = "1,2";
				TEST_HOST = "$(BUILT_PRODUCTS_DIR)/ISSPassTimes.app/ISSPassTimes";
			};
			name = Release;
		};
		6D230997204EE0ED00A7322D /* Debug */ = {
			isa = XCBuildConfiguration;
			baseConfigurationReference = 3745E512FD73AE23B13E2097 /* Pods-ISSPassTimesUITests.debug.xcconfig */;
			buildSettings = {
				ALWAYS_EMBED_SWIFT_STANDARD_LIBRARIES = YES;
				CODE_SIGN_STYLE = Automatic;
				DEVELOPMENT_TEAM = PP64RT7P8Z;
				INFOPLIST_FILE = ISSPassTimesUITests/Info.plist;
				LD_RUNPATH_SEARCH_PATHS = "$(inherited) @executable_path/Frameworks @loader_path/Frameworks";
				PRODUCT_BUNDLE_IDENTIFIER = com.ibm.ISSPassTimes.ISSPassTimesUITests;
				PRODUCT_NAME = "$(TARGET_NAME)";
				SWIFT_VERSION = 4.0;
				TARGETED_DEVICE_FAMILY = "1,2";
				TEST_TARGET_NAME = ISSPassTimes;
			};
			name = Debug;
		};
		6D230998204EE0ED00A7322D /* Release */ = {
			isa = XCBuildConfiguration;
			baseConfigurationReference = 7C8B30FF506542A47EDF70A1 /* Pods-ISSPassTimesUITests.release.xcconfig */;
			buildSettings = {
				ALWAYS_EMBED_SWIFT_STANDARD_LIBRARIES = YES;
				CODE_SIGN_STYLE = Automatic;
				DEVELOPMENT_TEAM = PP64RT7P8Z;
				INFOPLIST_FILE = ISSPassTimesUITests/Info.plist;
				LD_RUNPATH_SEARCH_PATHS = "$(inherited) @executable_path/Frameworks @loader_path/Frameworks";
				PRODUCT_BUNDLE_IDENTIFIER = com.ibm.ISSPassTimes.ISSPassTimesUITests;
				PRODUCT_NAME = "$(TARGET_NAME)";
				SWIFT_VERSION = 4.0;
				TARGETED_DEVICE_FAMILY = "1,2";
				TEST_TARGET_NAME = ISSPassTimes;
			};
			name = Release;
		};
/* End XCBuildConfiguration section */

/* Begin XCConfigurationList section */
		6D230963204EE0EC00A7322D /* Build configuration list for PBXProject "ISSPassTimes" */ = {
			isa = XCConfigurationList;
			buildConfigurations = (
				6D23098E204EE0ED00A7322D /* Debug */,
				6D23098F204EE0ED00A7322D /* Release */,
			);
			defaultConfigurationIsVisible = 0;
			defaultConfigurationName = Release;
		};
		6D230990204EE0ED00A7322D /* Build configuration list for PBXNativeTarget "ISSPassTimes" */ = {
			isa = XCConfigurationList;
			buildConfigurations = (
				6D230991204EE0ED00A7322D /* Debug */,
				6D230992204EE0ED00A7322D /* Release */,
			);
			defaultConfigurationIsVisible = 0;
			defaultConfigurationName = Release;
		};
		6D230993204EE0ED00A7322D /* Build configuration list for PBXNativeTarget "ISSPassTimesTests" */ = {
			isa = XCConfigurationList;
			buildConfigurations = (
				6D230994204EE0ED00A7322D /* Debug */,
				6D230995204EE0ED00A7322D /* Release */,
			);
			defaultConfigurationIsVisible = 0;
			defaultConfigurationName = Release;
		};
		6D230996204EE0ED00A7322D /* Build configuration list for PBXNativeTarget "ISSPassTimesUITests" */ = {
			isa = XCConfigurationList;
			buildConfigurations = (
				6D230997204EE0ED00A7322D /* Debug */,
				6D230998204EE0ED00A7322D /* Release */,
			);
			defaultConfigurationIsVisible = 0;
			defaultConfigurationName = Release;
		};
/* End XCConfigurationList section */
	};
	rootObject = 6D230960204EE0EC00A7322D /* Project object */;
}
